// !$*UTF8*$!
{
	archiveVersion = 1;
	classes = {
	};
	objectVersion = 56;
	objects = {

/* Begin PBXBuildFile section */
		9144EC182BB3AB730021F7C8 /* ExampleObservableApp.swift in Sources */ = {isa = PBXBuildFile; fileRef = 9144EC172BB3AB730021F7C8 /* ExampleObservableApp.swift */; };
		9144EC1A2BB3AB730021F7C8 /* ContentView.swift in Sources */ = {isa = PBXBuildFile; fileRef = 9144EC192BB3AB730021F7C8 /* ContentView.swift */; };
		9144EC1C2BB3AB750021F7C8 /* Assets.xcassets in Resources */ = {isa = PBXBuildFile; fileRef = 9144EC1B2BB3AB750021F7C8 /* Assets.xcassets */; };
		9144EC1F2BB3AB750021F7C8 /* Preview Assets.xcassets in Resources */ = {isa = PBXBuildFile; fileRef = 9144EC1E2BB3AB750021F7C8 /* Preview Assets.xcassets */; };
		9144EC272BB3AB8C0021F7C8 /* LegacyCar.swift in Sources */ = {isa = PBXBuildFile; fileRef = 9144EC262BB3AB8C0021F7C8 /* LegacyCar.swift */; };
		9144EC292BB3ABD10021F7C8 /* LegacyView.swift in Sources */ = {isa = PBXBuildFile; fileRef = 9144EC282BB3ABD10021F7C8 /* LegacyView.swift */; };
		9144EC2C2BB3AD5E0021F7C8 /* BrandNewCar.swift in Sources */ = {isa = PBXBuildFile; fileRef = 9144EC2B2BB3AD5E0021F7C8 /* BrandNewCar.swift */; };
		9144EC2E2BB3AD8E0021F7C8 /* BrandNewView.swift in Sources */ = {isa = PBXBuildFile; fileRef = 9144EC2D2BB3AD8E0021F7C8 /* BrandNewView.swift */; };
		9144EC302BB3AF040021F7C8 /* SmallDemo.swift in Sources */ = {isa = PBXBuildFile; fileRef = 9144EC2F2BB3AF040021F7C8 /* SmallDemo.swift */; };
/* End PBXBuildFile section */

/* Begin PBXFileReference section */
		9144EC142BB3AB730021F7C8 /* ExampleObservable.app */ = {isa = PBXFileReference; explicitFileType = wrapper.application; includeInIndex = 0; path = ExampleObservable.app; sourceTree = BUILT_PRODUCTS_DIR; };
		9144EC172BB3AB730021F7C8 /* ExampleObservableApp.swift */ = {isa = PBXFileReference; lastKnownFileType = sourcecode.swift; path = ExampleObservableApp.swift; sourceTree = "<group>"; };
		9144EC192BB3AB730021F7C8 /* ContentView.swift */ = {isa = PBXFileReference; lastKnownFileType = sourcecode.swift; path = ContentView.swift; sourceTree = "<group>"; };
		9144EC1B2BB3AB750021F7C8 /* Assets.xcassets */ = {isa = PBXFileReference; lastKnownFileType = folder.assetcatalog; path = Assets.xcassets; sourceTree = "<group>"; };
		9144EC1E2BB3AB750021F7C8 /* Preview Assets.xcassets */ = {isa = PBXFileReference; lastKnownFileType = folder.assetcatalog; path = "Preview Assets.xcassets"; sourceTree = "<group>"; };
		9144EC262BB3AB8C0021F7C8 /* LegacyCar.swift */ = {isa = PBXFileReference; lastKnownFileType = sourcecode.swift; path = LegacyCar.swift; sourceTree = "<group>"; };
		9144EC282BB3ABD10021F7C8 /* LegacyView.swift */ = {isa = PBXFileReference; lastKnownFileType = sourcecode.swift; path = LegacyView.swift; sourceTree = "<group>"; };
		9144EC2B2BB3AD5E0021F7C8 /* BrandNewCar.swift */ = {isa = PBXFileReference; lastKnownFileType = sourcecode.swift; path = BrandNewCar.swift; sourceTree = "<group>"; };
		9144EC2D2BB3AD8E0021F7C8 /* BrandNewView.swift */ = {isa = PBXFileReference; lastKnownFileType = sourcecode.swift; path = BrandNewView.swift; sourceTree = "<group>"; };
		9144EC2F2BB3AF040021F7C8 /* SmallDemo.swift */ = {isa = PBXFileReference; lastKnownFileType = sourcecode.swift; path = SmallDemo.swift; sourceTree = "<group>"; };
/* End PBXFileReference section */

/* Begin PBXFrameworksBuildPhase section */
		9144EC112BB3AB730021F7C8 /* Frameworks */ = {
			isa = PBXFrameworksBuildPhase;
			buildActionMask = 2147483647;
			files = (
			);
			runOnlyForDeploymentPostprocessing = 0;
		};
/* End PBXFrameworksBuildPhase section */

/* Begin PBXGroup section */
		9144EC0B2BB3AB730021F7C8 = {
			isa = PBXGroup;
			children = (
				9144EC162BB3AB730021F7C8 /* ExampleObservable */,
				9144EC152BB3AB730021F7C8 /* Products */,
			);
			sourceTree = "<group>";
		};
		9144EC152BB3AB730021F7C8 /* Products */ = {
			isa = PBXGroup;
			children = (
				9144EC142BB3AB730021F7C8 /* ExampleObservable.app */,
			);
			name = Products;
			sourceTree = "<group>";
		};
		9144EC162BB3AB730021F7C8 /* ExampleObservable */ = {
			isa = PBXGroup;
			children = (
				9144EC2A2BB3AD4E0021F7C8 /* NewWay */,
				9144EC252BB3AB7C0021F7C8 /* OldWay */,
				9144EC172BB3AB730021F7C8 /* ExampleObservableApp.swift */,
				9144EC192BB3AB730021F7C8 /* ContentView.swift */,
				9144EC1B2BB3AB750021F7C8 /* Assets.xcassets */,
				9144EC1D2BB3AB750021F7C8 /* Preview Content */,
				9144EC2F2BB3AF040021F7C8 /* SmallDemo.swift */,
			);
			path = ExampleObservable;
			sourceTree = "<group>";
		};
		9144EC1D2BB3AB750021F7C8 /* Preview Content */ = {
			isa = PBXGroup;
			children = (
				9144EC1E2BB3AB750021F7C8 /* Preview Assets.xcassets */,
			);
			path = "Preview Content";
			sourceTree = "<group>";
		};
		9144EC252BB3AB7C0021F7C8 /* OldWay */ = {
			isa = PBXGroup;
			children = (
				9144EC262BB3AB8C0021F7C8 /* LegacyCar.swift */,
				9144EC282BB3ABD10021F7C8 /* LegacyView.swift */,
			);
			path = OldWay;
			sourceTree = "<group>";
		};
		9144EC2A2BB3AD4E0021F7C8 /* NewWay */ = {
			isa = PBXGroup;
			children = (
				9144EC2B2BB3AD5E0021F7C8 /* BrandNewCar.swift */,
				9144EC2D2BB3AD8E0021F7C8 /* BrandNewView.swift */,
			);
			path = NewWay;
			sourceTree = "<group>";
		};
/* End PBXGroup section */

/* Begin PBXNativeTarget section */
		9144EC132BB3AB730021F7C8 /* ExampleObservable */ = {
			isa = PBXNativeTarget;
			buildConfigurationList = 9144EC222BB3AB750021F7C8 /* Build configuration list for PBXNativeTarget "ExampleObservable" */;
			buildPhases = (
				9144EC102BB3AB730021F7C8 /* Sources */,
				9144EC112BB3AB730021F7C8 /* Frameworks */,
				9144EC122BB3AB730021F7C8 /* Resources */,
			);
			buildRules = (
			);
			dependencies = (
			);
			name = ExampleObservable;
			productName = ExampleObservable;
			productReference = 9144EC142BB3AB730021F7C8 /* ExampleObservable.app */;
			productType = "com.apple.product-type.application";
		};
/* End PBXNativeTarget section */

/* Begin PBXProject section */
		9144EC0C2BB3AB730021F7C8 /* Project object */ = {
			isa = PBXProject;
			attributes = {
				BuildIndependentTargetsInParallel = 1;
				LastSwiftUpdateCheck = 1530;
				LastUpgradeCheck = 1530;
				TargetAttributes = {
					9144EC132BB3AB730021F7C8 = {
						CreatedOnToolsVersion = 15.3;
					};
				};
			};
			buildConfigurationList = 9144EC0F2BB3AB730021F7C8 /* Build configuration list for PBXProject "ExampleObservable" */;
			compatibilityVersion = "Xcode 14.0";
			developmentRegion = en;
			hasScannedForEncodings = 0;
			knownRegions = (
				en,
				Base,
			);
			mainGroup = 9144EC0B2BB3AB730021F7C8;
			productRefGroup = 9144EC152BB3AB730021F7C8 /* Products */;
			projectDirPath = "";
			projectRoot = "";
			targets = (
				9144EC132BB3AB730021F7C8 /* ExampleObservable */,
			);
		};
/* End PBXProject section */

/* Begin PBXResourcesBuildPhase section */
		9144EC122BB3AB730021F7C8 /* Resources */ = {
			isa = PBXResourcesBuildPhase;
			buildActionMask = 2147483647;
			files = (
				9144EC1F2BB3AB750021F7C8 /* Preview Assets.xcassets in Resources */,
				9144EC1C2BB3AB750021F7C8 /* Assets.xcassets in Resources */,
			);
			runOnlyForDeploymentPostprocessing = 0;
		};
/* End PBXResourcesBuildPhase section */

/* Begin PBXSourcesBuildPhase section */
		9144EC102BB3AB730021F7C8 /* Sources */ = {
			isa = PBXSourcesBuildPhase;
			buildActionMask = 2147483647;
			files = (
				9144EC1A2BB3AB730021F7C8 /* ContentView.swift in Sources */,
				9144EC2E2BB3AD8E0021F7C8 /* BrandNewView.swift in Sources */,
				9144EC182BB3AB730021F7C8 /* ExampleObservableApp.swift in Sources */,
				9144EC272BB3AB8C0021F7C8 /* LegacyCar.swift in Sources */,
				9144EC292BB3ABD10021F7C8 /* LegacyView.swift in Sources */,
				9144EC302BB3AF040021F7C8 /* SmallDemo.swift in Sources */,
				9144EC2C2BB3AD5E0021F7C8 /* BrandNewCar.swift in Sources */,
			);
			runOnlyForDeploymentPostprocessing = 0;
		};
/* End PBXSourcesBuildPhase section */

/* Begin XCBuildConfiguration section */
		9144EC202BB3AB750021F7C8 /* Debug */ = {
			isa = XCBuildConfiguration;
			buildSettings = {
				ALWAYS_SEARCH_USER_PATHS = NO;
				ASSETCATALOG_COMPILER_GENERATE_SWIFT_ASSET_SYMBOL_EXTENSIONS = YES;
				CLANG_ANALYZER_NONNULL = YES;
				CLANG_ANALYZER_NUMBER_OBJECT_CONVERSION = YES_AGGRESSIVE;
				CLANG_CXX_LANGUAGE_STANDARD = "gnu++20";
				CLANG_ENABLE_MODULES = YES;
				CLANG_ENABLE_OBJC_ARC = YES;
				CLANG_ENABLE_OBJC_WEAK = YES;
				CLANG_WARN_BLOCK_CAPTURE_AUTORELEASING = YES;
				CLANG_WARN_BOOL_CONVERSION = YES;
				CLANG_WARN_COMMA = YES;
				CLANG_WARN_CONSTANT_CONVERSION = YES;
				CLANG_WARN_DEPRECATED_OBJC_IMPLEMENTATIONS = YES;
				CLANG_WARN_DIRECT_OBJC_ISA_USAGE = YES_ERROR;
				CLANG_WARN_DOCUMENTATION_COMMENTS = YES;
				CLANG_WARN_EMPTY_BODY = YES;
				CLANG_WARN_ENUM_CONVERSION = YES;
				CLANG_WARN_INFINITE_RECURSION = YES;
				CLANG_WARN_INT_CONVERSION = YES;
				CLANG_WARN_NON_LITERAL_NULL_CONVERSION = YES;
				CLANG_WARN_OBJC_IMPLICIT_RETAIN_SELF = YES;
				CLANG_WARN_OBJC_LITERAL_CONVERSION = YES;
				CLANG_WARN_OBJC_ROOT_CLASS = YES_ERROR;
				CLANG_WARN_QUOTED_INCLUDE_IN_FRAMEWORK_HEADER = YES;
				CLANG_WARN_RANGE_LOOP_ANALYSIS = YES;
				CLANG_WARN_STRICT_PROTOTYPES = YES;
				CLANG_WARN_SUSPICIOUS_MOVE = YES;
				CLANG_WARN_UNGUARDED_AVAILABILITY = YES_AGGRESSIVE;
				CLANG_WARN_UNREACHABLE_CODE = YES;
				CLANG_WARN__DUPLICATE_METHOD_MATCH = YES;
				COPY_PHASE_STRIP = NO;
				DEBUG_INFORMATION_FORMAT = dwarf;
				ENABLE_STRICT_OBJC_MSGSEND = YES;
				ENABLE_TESTABILITY = YES;
				ENABLE_USER_SCRIPT_SANDBOXING = YES;
				GCC_C_LANGUAGE_STANDARD = gnu17;
				GCC_DYNAMIC_NO_PIC = NO;
				GCC_NO_COMMON_BLOCKS = YES;
				GCC_OPTIMIZATION_LEVEL = 0;
				GCC_PREPROCESSOR_DEFINITIONS = (
					"DEBUG=1",
					"$(inherited)",
				);
				GCC_WARN_64_TO_32_BIT_CONVERSION = YES;
				GCC_WARN_ABOUT_RETURN_TYPE = YES_ERROR;
				GCC_WARN_UNDECLARED_SELECTOR = YES;
				GCC_WARN_UNINITIALIZED_AUTOS = YES_AGGRESSIVE;
				GCC_WARN_UNUSED_FUNCTION = YES;
				GCC_WARN_UNUSED_VARIABLE = YES;
				IPHONEOS_DEPLOYMENT_TARGET = 17.4;
				LOCALIZATION_PREFERS_STRING_CATALOGS = YES;
				MTL_ENABLE_DEBUG_INFO = INCLUDE_SOURCE;
				MTL_FAST_MATH = YES;
				ONLY_ACTIVE_ARCH = YES;
				SDKROOT = iphoneos;
				SWIFT_ACTIVE_COMPILATION_CONDITIONS = "DEBUG $(inherited)";
				SWIFT_OPTIMIZATION_LEVEL = "-Onone";
			};
			name = Debug;
		};
		9144EC212BB3AB750021F7C8 /* Release */ = {
			isa = XCBuildConfiguration;
			buildSettings = {
				ALWAYS_SEARCH_USER_PATHS = NO;
				ASSETCATALOG_COMPILER_GENERATE_SWIFT_ASSET_SYMBOL_EXTENSIONS = YES;
				CLANG_ANALYZER_NONNULL = YES;
				CLANG_ANALYZER_NUMBER_OBJECT_CONVERSION = YES_AGGRESSIVE;
				CLANG_CXX_LANGUAGE_STANDARD = "gnu++20";
				CLANG_ENABLE_MODULES = YES;
				CLANG_ENABLE_OBJC_ARC = YES;
				CLANG_ENABLE_OBJC_WEAK = YES;
				CLANG_WARN_BLOCK_CAPTURE_AUTORELEASING = YES;
				CLANG_WARN_BOOL_CONVERSION = YES;
				CLANG_WARN_COMMA = YES;
				CLANG_WARN_CONSTANT_CONVERSION = YES;
				CLANG_WARN_DEPRECATED_OBJC_IMPLEMENTATIONS = YES;
				CLANG_WARN_DIRECT_OBJC_ISA_USAGE = YES_ERROR;
				CLANG_WARN_DOCUMENTATION_COMMENTS = YES;
				CLANG_WARN_EMPTY_BODY = YES;
				CLANG_WARN_ENUM_CONVERSION = YES;
				CLANG_WARN_INFINITE_RECURSION = YES;
				CLANG_WARN_INT_CONVERSION = YES;
				CLANG_WARN_NON_LITERAL_NULL_CONVERSION = YES;
				CLANG_WARN_OBJC_IMPLICIT_RETAIN_SELF = YES;
				CLANG_WARN_OBJC_LITERAL_CONVERSION = YES;
				CLANG_WARN_OBJC_ROOT_CLASS = YES_ERROR;
				CLANG_WARN_QUOTED_INCLUDE_IN_FRAMEWORK_HEADER = YES;
				CLANG_WARN_RANGE_LOOP_ANALYSIS = YES;
				CLANG_WARN_STRICT_PROTOTYPES = YES;
				CLANG_WARN_SUSPICIOUS_MOVE = YES;
				CLANG_WARN_UNGUARDED_AVAILABILITY = YES_AGGRESSIVE;
				CLANG_WARN_UNREACHABLE_CODE = YES;
				CLANG_WARN__DUPLICATE_METHOD_MATCH = YES;
				COPY_PHASE_STRIP = NO;
				DEBUG_INFORMATION_FORMAT = "dwarf-with-dsym";
				ENABLE_NS_ASSERTIONS = NO;
				ENABLE_STRICT_OBJC_MSGSEND = YES;
				ENABLE_USER_SCRIPT_SANDBOXING = YES;
				GCC_C_LANGUAGE_STANDARD = gnu17;
				GCC_NO_COMMON_BLOCKS = YES;
				GCC_WARN_64_TO_32_BIT_CONVERSION = YES;
				GCC_WARN_ABOUT_RETURN_TYPE = YES_ERROR;
				GCC_WARN_UNDECLARED_SELECTOR = YES;
				GCC_WARN_UNINITIALIZED_AUTOS = YES_AGGRESSIVE;
				GCC_WARN_UNUSED_FUNCTION = YES;
				GCC_WARN_UNUSED_VARIABLE = YES;
				IPHONEOS_DEPLOYMENT_TARGET = 17.4;
				LOCALIZATION_PREFERS_STRING_CATALOGS = YES;
				MTL_ENABLE_DEBUG_INFO = NO;
				MTL_FAST_MATH = YES;
				SDKROOT = iphoneos;
				SWIFT_COMPILATION_MODE = wholemodule;
				VALIDATE_PRODUCT = YES;
			};
			name = Release;
		};
		9144EC232BB3AB750021F7C8 /* Debug */ = {
			isa = XCBuildConfiguration;
			buildSettings = {
				ASSETCATALOG_COMPILER_APPICON_NAME = AppIcon;
				ASSETCATALOG_COMPILER_GLOBAL_ACCENT_COLOR_NAME = AccentColor;
				CODE_SIGN_STYLE = Automatic;
				CURRENT_PROJECT_VERSION = 1;
				DEVELOPMENT_ASSET_PATHS = "\"ExampleObservable/Preview Content\"";
				ENABLE_PREVIEWS = YES;
				GENERATE_INFOPLIST_FILE = YES;
				INFOPLIST_KEY_UIApplicationSceneManifest_Generation = YES;
				INFOPLIST_KEY_UIApplicationSupportsIndirectInputEvents = YES;
				INFOPLIST_KEY_UILaunchScreen_Generation = YES;
				INFOPLIST_KEY_UISupportedInterfaceOrientations_iPad = "UIInterfaceOrientationPortrait UIInterfaceOrientationPortraitUpsideDown UIInterfaceOrientationLandscapeLeft UIInterfaceOrientationLandscapeRight";
				INFOPLIST_KEY_UISupportedInterfaceOrientations_iPhone = "UIInterfaceOrientationPortrait UIInterfaceOrientationLandscapeLeft UIInterfaceOrientationLandscapeRight";
				LD_RUNPATH_SEARCH_PATHS = (
					"$(inherited)",
					"@executable_path/Frameworks",
				);
				MARKETING_VERSION = 1.0;
				PRODUCT_BUNDLE_IDENTIFIER = swift.nikolai.ExampleObservable;
				PRODUCT_NAME = "$(TARGET_NAME)";
				SWIFT_EMIT_LOC_STRINGS = YES;
				SWIFT_VERSION = 5.0;
				TARGETED_DEVICE_FAMILY = "1,2";
			};
			name = Debug;
		};
		9144EC242BB3AB750021F7C8 /* Release */ = {
			isa = XCBuildConfiguration;
			buildSettings = {
				ASSETCATALOG_COMPILER_APPICON_NAME = AppIcon;
				ASSETCATALOG_COMPILER_GLOBAL_ACCENT_COLOR_NAME = AccentColor;
				CODE_SIGN_STYLE = Automatic;
				CURRENT_PROJECT_VERSION = 1;
				DEVELOPMENT_ASSET_PATHS = "\"ExampleObservable/Preview Content\"";
				ENABLE_PREVIEWS = YES;
				GENERATE_INFOPLIST_FILE = YES;
				INFOPLIST_KEY_UIApplicationSceneManifest_Generation = YES;
				INFOPLIST_KEY_UIApplicationSupportsIndirectInputEvents = YES;
				INFOPLIST_KEY_UILaunchScreen_Generation = YES;
				INFOPLIST_KEY_UISupportedInterfaceOrientations_iPad = "UIInterfaceOrientationPortrait UIInterfaceOrientationPortraitUpsideDown UIInterfaceOrientationLandscapeLeft UIInterfaceOrientationLandscapeRight";
				INFOPLIST_KEY_UISupportedInterfaceOrientations_iPhone = "UIInterfaceOrientationPortrait UIInterfaceOrientationLandscapeLeft UIInterfaceOrientationLandscapeRight";
				LD_RUNPATH_SEARCH_PATHS = (
					"$(inherited)",
					"@executable_path/Frameworks",
				);
				MARKETING_VERSION = 1.0;
				PRODUCT_BUNDLE_IDENTIFIER = swift.nikolai.ExampleObservable;
				PRODUCT_NAME = "$(TARGET_NAME)";
				SWIFT_EMIT_LOC_STRINGS = YES;
				SWIFT_VERSION = 5.0;
				TARGETED_DEVICE_FAMILY = "1,2";
			};
			name = Release;
		};
/* End XCBuildConfiguration section */

/* Begin XCConfigurationList section */
		9144EC0F2BB3AB730021F7C8 /* Build configuration list for PBXProject "ExampleObservable" */ = {
			isa = XCConfigurationList;
			buildConfigurations = (
				9144EC202BB3AB750021F7C8 /* Debug */,
				9144EC212BB3AB750021F7C8 /* Release */,
			);
			defaultConfigurationIsVisible = 0;
			defaultConfigurationName = Release;
		};
		9144EC222BB3AB750021F7C8 /* Build configuration list for PBXNativeTarget "ExampleObservable" */ = {
			isa = XCConfigurationList;
			buildConfigurations = (
				9144EC232BB3AB750021F7C8 /* Debug */,
				9144EC242BB3AB750021F7C8 /* Release */,
			);
			defaultConfigurationIsVisible = 0;
			defaultConfigurationName = Release;
		};
/* End XCConfigurationList section */
	};
	rootObject = 9144EC0C2BB3AB730021F7C8 /* Project object */;
}
